// !$*UTF8*$!
{
	archiveVersion = 1;
	classes = {
	};
	objectVersion = 46;
	objects = {

/* Begin PBXAggregateTarget section */
		"CRuntime::CRuntime::ProductTarget" /* CRuntime */ = {
			isa = PBXAggregateTarget;
			buildConfigurationList = OBJ_112 /* Build configuration list for PBXAggregateTarget "CRuntime" */;
			buildPhases = (
			);
			dependencies = (
			);
			name = CRuntime;
			productName = CRuntime;
		};
		"CodableExtensions::CodableExtensionsPackageTests::ProductTarget" /* CodableExtensionsPackageTests */ = {
			isa = PBXAggregateTarget;
			buildConfigurationList = OBJ_161 /* Build configuration list for PBXAggregateTarget "CodableExtensionsPackageTests" */;
			buildPhases = (
			);
			dependencies = (
				OBJ_164 /* PBXTargetDependency */,
			);
			name = CodableExtensionsPackageTests;
			productName = CodableExtensionsPackageTests;
		};
/* End PBXAggregateTarget section */

/* Begin PBXBuildFile section */
		OBJ_120 /* AnyCodable.swift in Sources */ = {isa = PBXBuildFile; fileRef = OBJ_86 /* AnyCodable.swift */; };
		OBJ_121 /* GenericDecodingContainer.swift in Sources */ = {isa = PBXBuildFile; fileRef = OBJ_87 /* GenericDecodingContainer.swift */; };
		OBJ_122 /* InvalidElementStrategy.swift in Sources */ = {isa = PBXBuildFile; fileRef = OBJ_88 /* InvalidElementStrategy.swift */; };
		OBJ_123 /* KeyedDecodingContainer+Any.swift in Sources */ = {isa = PBXBuildFile; fileRef = OBJ_89 /* KeyedDecodingContainer+Any.swift */; };
		OBJ_124 /* KeyedEncodingContainer+Any.swift in Sources */ = {isa = PBXBuildFile; fileRef = OBJ_90 /* KeyedEncodingContainer+Any.swift */; };
		OBJ_125 /* RawCodingKey.swift in Sources */ = {isa = PBXBuildFile; fileRef = OBJ_91 /* RawCodingKey.swift */; };
		OBJ_132 /* Package.swift in Sources */ = {isa = PBXBuildFile; fileRef = OBJ_92 /* Package.swift */; };
		OBJ_138 /* AnyCodableExtensions.swift in Sources */ = {isa = PBXBuildFile; fileRef = OBJ_8 /* AnyCodableExtensions.swift */; };
		OBJ_139 /* Codable+iso8601.swift in Sources */ = {isa = PBXBuildFile; fileRef = OBJ_9 /* Codable+iso8601.swift */; };
		OBJ_140 /* CodableDefaults.swift in Sources */ = {isa = PBXBuildFile; fileRef = OBJ_10 /* CodableDefaults.swift */; };
		OBJ_141 /* CodableExtensions.swift in Sources */ = {isa = PBXBuildFile; fileRef = OBJ_11 /* CodableExtensions.swift */; };
		OBJ_142 /* CodableTransformer.swift in Sources */ = {isa = PBXBuildFile; fileRef = OBJ_12 /* CodableTransformer.swift */; };
		OBJ_143 /* DecoderUpdatable.swift in Sources */ = {isa = PBXBuildFile; fileRef = OBJ_13 /* DecoderUpdatable.swift */; };
		OBJ_144 /* ReflectionCodable.swift in Sources */ = {isa = PBXBuildFile; fileRef = OBJ_14 /* ReflectionCodable.swift */; };
		OBJ_146 /* Codability.framework in Frameworks */ = {isa = PBXBuildFile; fileRef = "Codability::Codability::Product" /* Codability.framework */; };
		OBJ_147 /* RuntimeExtensions.framework in Frameworks */ = {isa = PBXBuildFile; fileRef = "RuntimeExtensions::RuntimeExtensions::Product" /* RuntimeExtensions.framework */; };
		OBJ_148 /* Runtime.framework in Frameworks */ = {isa = PBXBuildFile; fileRef = "Runtime::Runtime::Product" /* Runtime.framework */; };
		OBJ_159 /* Package.swift in Sources */ = {isa = PBXBuildFile; fileRef = OBJ_6 /* Package.swift */; };
		OBJ_170 /* CodableExtensionsTests.swift in Sources */ = {isa = PBXBuildFile; fileRef = OBJ_16 /* CodableExtensionsTests.swift */; };
		OBJ_172 /* SwiftTestUtils.framework in Frameworks */ = {isa = PBXBuildFile; fileRef = "SwiftTestUtils::SwiftTestUtils::Product" /* SwiftTestUtils.framework */; };
		OBJ_173 /* CodableExtensions.framework in Frameworks */ = {isa = PBXBuildFile; fileRef = "CodableExtensions::CodableExtensions::Product" /* CodableExtensions.framework */; };
		OBJ_174 /* Codability.framework in Frameworks */ = {isa = PBXBuildFile; fileRef = "Codability::Codability::Product" /* Codability.framework */; };
		OBJ_175 /* RuntimeExtensions.framework in Frameworks */ = {isa = PBXBuildFile; fileRef = "RuntimeExtensions::RuntimeExtensions::Product" /* RuntimeExtensions.framework */; };
		OBJ_176 /* Runtime.framework in Frameworks */ = {isa = PBXBuildFile; fileRef = "Runtime::Runtime::Product" /* Runtime.framework */; };
		OBJ_187 /* DefaultValue.swift in Sources */ = {isa = PBXBuildFile; fileRef = OBJ_32 /* DefaultValue.swift */; };
		OBJ_188 /* Factory.swift in Sources */ = {isa = PBXBuildFile; fileRef = OBJ_33 /* Factory.swift */; };
		OBJ_189 /* ClassHeader.swift in Sources */ = {isa = PBXBuildFile; fileRef = OBJ_35 /* ClassHeader.swift */; };
		OBJ_190 /* ClassMetadataLayout.swift in Sources */ = {isa = PBXBuildFile; fileRef = OBJ_36 /* ClassMetadataLayout.swift */; };
		OBJ_191 /* ClassTypeDescriptor.swift in Sources */ = {isa = PBXBuildFile; fileRef = OBJ_37 /* ClassTypeDescriptor.swift */; };
		OBJ_192 /* EnumMetadataLayout.swift in Sources */ = {isa = PBXBuildFile; fileRef = OBJ_38 /* EnumMetadataLayout.swift */; };
		OBJ_193 /* EnumTypeDescriptor.swift in Sources */ = {isa = PBXBuildFile; fileRef = OBJ_39 /* EnumTypeDescriptor.swift */; };
		OBJ_194 /* ExistentialContainter.swift in Sources */ = {isa = PBXBuildFile; fileRef = OBJ_40 /* ExistentialContainter.swift */; };
		OBJ_195 /* FieldDescriptor.swift in Sources */ = {isa = PBXBuildFile; fileRef = OBJ_41 /* FieldDescriptor.swift */; };
		OBJ_196 /* FunctionMetadataLayout.swift in Sources */ = {isa = PBXBuildFile; fileRef = OBJ_42 /* FunctionMetadataLayout.swift */; };
		OBJ_197 /* MetadataLayoutType.swift in Sources */ = {isa = PBXBuildFile; fileRef = OBJ_43 /* MetadataLayoutType.swift */; };
		OBJ_198 /* ProtocolDescriptor.swift in Sources */ = {isa = PBXBuildFile; fileRef = OBJ_44 /* ProtocolDescriptor.swift */; };
		OBJ_199 /* ProtocolMetadataLayout.swift in Sources */ = {isa = PBXBuildFile; fileRef = OBJ_45 /* ProtocolMetadataLayout.swift */; };
		OBJ_200 /* ProtocolTypeContainer.swift in Sources */ = {isa = PBXBuildFile; fileRef = OBJ_46 /* ProtocolTypeContainer.swift */; };
		OBJ_201 /* StructMetadataLayout.swift in Sources */ = {isa = PBXBuildFile; fileRef = OBJ_47 /* StructMetadataLayout.swift */; };
		OBJ_202 /* StructTypeDescriptor.swift in Sources */ = {isa = PBXBuildFile; fileRef = OBJ_48 /* StructTypeDescriptor.swift */; };
		OBJ_203 /* TargetTypeGenericContextDescriptorHeader.swift in Sources */ = {isa = PBXBuildFile; fileRef = OBJ_49 /* TargetTypeGenericContextDescriptorHeader.swift */; };
		OBJ_204 /* TupleMetadataLayout.swift in Sources */ = {isa = PBXBuildFile; fileRef = OBJ_50 /* TupleMetadataLayout.swift */; };
		OBJ_205 /* TypeDescriptor.swift in Sources */ = {isa = PBXBuildFile; fileRef = OBJ_51 /* TypeDescriptor.swift */; };
		OBJ_206 /* ValueWitnessTable.swift in Sources */ = {isa = PBXBuildFile; fileRef = OBJ_52 /* ValueWitnessTable.swift */; };
		OBJ_207 /* ClassMetadata.swift in Sources */ = {isa = PBXBuildFile; fileRef = OBJ_54 /* ClassMetadata.swift */; };
		OBJ_208 /* EnumMetadata.swift in Sources */ = {isa = PBXBuildFile; fileRef = OBJ_55 /* EnumMetadata.swift */; };
		OBJ_209 /* FuntionMetadata.swift in Sources */ = {isa = PBXBuildFile; fileRef = OBJ_56 /* FuntionMetadata.swift */; };
		OBJ_210 /* Metadata.swift in Sources */ = {isa = PBXBuildFile; fileRef = OBJ_57 /* Metadata.swift */; };
		OBJ_211 /* MetadataType.swift in Sources */ = {isa = PBXBuildFile; fileRef = OBJ_58 /* MetadataType.swift */; };
		OBJ_212 /* NominalMetadataType.swift in Sources */ = {isa = PBXBuildFile; fileRef = OBJ_59 /* NominalMetadataType.swift */; };
		OBJ_213 /* ProtocolMetadata.swift in Sources */ = {isa = PBXBuildFile; fileRef = OBJ_60 /* ProtocolMetadata.swift */; };
		OBJ_214 /* StructMetadata.swift in Sources */ = {isa = PBXBuildFile; fileRef = OBJ_61 /* StructMetadata.swift */; };
		OBJ_215 /* TupleMetadata.swift in Sources */ = {isa = PBXBuildFile; fileRef = OBJ_62 /* TupleMetadata.swift */; };
		OBJ_216 /* Case.swift in Sources */ = {isa = PBXBuildFile; fileRef = OBJ_64 /* Case.swift */; };
		OBJ_217 /* Errors.swift in Sources */ = {isa = PBXBuildFile; fileRef = OBJ_65 /* Errors.swift */; };
		OBJ_218 /* FunctionInfo.swift in Sources */ = {isa = PBXBuildFile; fileRef = OBJ_66 /* FunctionInfo.swift */; };
		OBJ_219 /* Kind.swift in Sources */ = {isa = PBXBuildFile; fileRef = OBJ_67 /* Kind.swift */; };
		OBJ_220 /* PropertyInfo.swift in Sources */ = {isa = PBXBuildFile; fileRef = OBJ_68 /* PropertyInfo.swift */; };
		OBJ_221 /* TypeInfo.swift in Sources */ = {isa = PBXBuildFile; fileRef = OBJ_69 /* TypeInfo.swift */; };
		OBJ_222 /* TypeInfoConvertible.swift in Sources */ = {isa = PBXBuildFile; fileRef = OBJ_70 /* TypeInfoConvertible.swift */; };
		OBJ_223 /* Pointers.swift in Sources */ = {isa = PBXBuildFile; fileRef = OBJ_72 /* Pointers.swift */; };
		OBJ_224 /* RelativePointer.swift in Sources */ = {isa = PBXBuildFile; fileRef = OBJ_73 /* RelativePointer.swift */; };
		OBJ_225 /* RelativeVectorPointer.swift in Sources */ = {isa = PBXBuildFile; fileRef = OBJ_74 /* RelativeVectorPointer.swift */; };
		OBJ_226 /* Union.swift in Sources */ = {isa = PBXBuildFile; fileRef = OBJ_75 /* Union.swift */; };
		OBJ_227 /* Vector.swift in Sources */ = {isa = PBXBuildFile; fileRef = OBJ_76 /* Vector.swift */; };
		OBJ_228 /* GettersSetters.swift in Sources */ = {isa = PBXBuildFile; fileRef = OBJ_78 /* GettersSetters.swift */; };
		OBJ_229 /* IntegerConvertible.swift in Sources */ = {isa = PBXBuildFile; fileRef = OBJ_79 /* IntegerConvertible.swift */; };
		OBJ_230 /* Pointer+Extensions.swift in Sources */ = {isa = PBXBuildFile; fileRef = OBJ_80 /* Pointer+Extensions.swift */; };
		OBJ_231 /* RetainCounts.swift in Sources */ = {isa = PBXBuildFile; fileRef = OBJ_81 /* RetainCounts.swift */; };
		OBJ_232 /* String+Extensions.swift in Sources */ = {isa = PBXBuildFile; fileRef = OBJ_82 /* String+Extensions.swift */; };
		OBJ_238 /* EmptyInitializable.swift in Sources */ = {isa = PBXBuildFile; fileRef = OBJ_20 /* EmptyInitializable.swift */; };
		OBJ_239 /* EnumUtils.swift in Sources */ = {isa = PBXBuildFile; fileRef = OBJ_21 /* EnumUtils.swift */; };
		OBJ_240 /* GlobalRuntimeFunctions.swift in Sources */ = {isa = PBXBuildFile; fileRef = OBJ_22 /* GlobalRuntimeFunctions.swift */; };
		OBJ_241 /* KVC.swift in Sources */ = {isa = PBXBuildFile; fileRef = OBJ_23 /* KVC.swift */; };
		OBJ_243 /* Runtime.framework in Frameworks */ = {isa = PBXBuildFile; fileRef = "Runtime::Runtime::Product" /* Runtime.framework */; };
		OBJ_250 /* Package.swift in Sources */ = {isa = PBXBuildFile; fileRef = OBJ_19 /* Package.swift */; };
		OBJ_256 /* Package.swift in Sources */ = {isa = PBXBuildFile; fileRef = OBJ_83 /* Package.swift */; };
		OBJ_261 /* BaseTestCase.swift in Sources */ = {isa = PBXBuildFile; fileRef = OBJ_26 /* BaseTestCase.swift */; };
		OBJ_262 /* LinuxTestable.swift in Sources */ = {isa = PBXBuildFile; fileRef = OBJ_27 /* LinuxTestable.swift */; };
		OBJ_263 /* XCAssertions.swift in Sources */ = {isa = PBXBuildFile; fileRef = OBJ_28 /* XCAssertions.swift */; };
		OBJ_270 /* Package.swift in Sources */ = {isa = PBXBuildFile; fileRef = OBJ_25 /* Package.swift */; };
/* End PBXBuildFile section */

/* Begin PBXContainerItemProxy section */
		E4670FD222738A1B0075D6AA /* PBXContainerItemProxy */ = {
			isa = PBXContainerItemProxy;
			containerPortal = OBJ_1 /* Project object */;
			proxyType = 1;
			remoteGlobalIDString = "Codability::Codability";
			remoteInfo = Codability;
		};
		E4670FD322738A1B0075D6AA /* PBXContainerItemProxy */ = {
			isa = PBXContainerItemProxy;
			containerPortal = OBJ_1 /* Project object */;
			proxyType = 1;
			remoteGlobalIDString = "RuntimeExtensions::RuntimeExtensions";
			remoteInfo = RuntimeExtensions;
		};
		E4670FD422738A1B0075D6AA /* PBXContainerItemProxy */ = {
			isa = PBXContainerItemProxy;
			containerPortal = OBJ_1 /* Project object */;
			proxyType = 1;
			remoteGlobalIDString = "Runtime::Runtime";
			remoteInfo = Runtime;
		};
		E4670FD522738A1B0075D6AA /* PBXContainerItemProxy */ = {
			isa = PBXContainerItemProxy;
			containerPortal = OBJ_1 /* Project object */;
			proxyType = 1;
			remoteGlobalIDString = "Runtime::Runtime";
			remoteInfo = Runtime;
		};
		E4670FD622738A1B0075D6AA /* PBXContainerItemProxy */ = {
			isa = PBXContainerItemProxy;
			containerPortal = OBJ_1 /* Project object */;
			proxyType = 1;
			remoteGlobalIDString = "SwiftTestUtils::SwiftTestUtils";
			remoteInfo = SwiftTestUtils;
		};
		E4670FD722738A1B0075D6AA /* PBXContainerItemProxy */ = {
			isa = PBXContainerItemProxy;
			containerPortal = OBJ_1 /* Project object */;
			proxyType = 1;
			remoteGlobalIDString = "CodableExtensions::CodableExtensions";
			remoteInfo = CodableExtensions;
		};
		E4670FD822738A1B0075D6AA /* PBXContainerItemProxy */ = {
			isa = PBXContainerItemProxy;
			containerPortal = OBJ_1 /* Project object */;
			proxyType = 1;
			remoteGlobalIDString = "Codability::Codability";
			remoteInfo = Codability;
		};
		E4670FD922738A1B0075D6AA /* PBXContainerItemProxy */ = {
			isa = PBXContainerItemProxy;
			containerPortal = OBJ_1 /* Project object */;
			proxyType = 1;
			remoteGlobalIDString = "RuntimeExtensions::RuntimeExtensions";
			remoteInfo = RuntimeExtensions;
		};
		E4670FDA22738A1B0075D6AA /* PBXContainerItemProxy */ = {
			isa = PBXContainerItemProxy;
			containerPortal = OBJ_1 /* Project object */;
			proxyType = 1;
			remoteGlobalIDString = "Runtime::Runtime";
			remoteInfo = Runtime;
		};
		E4670FDB22738A1C0075D6AA /* PBXContainerItemProxy */ = {
			isa = PBXContainerItemProxy;
			containerPortal = OBJ_1 /* Project object */;
			proxyType = 1;
			remoteGlobalIDString = "CodableExtensions::CodableExtensionsTests";
			remoteInfo = CodableExtensionsTests;
		};
/* End PBXContainerItemProxy section */

/* Begin PBXFileReference section */
		"Codability::Codability::Product" /* Codability.framework */ = {isa = PBXFileReference; lastKnownFileType = wrapper.framework; path = Codability.framework; sourceTree = BUILT_PRODUCTS_DIR; };
		"CodableExtensions::CodableExtensions::Product" /* CodableExtensions.framework */ = {isa = PBXFileReference; lastKnownFileType = wrapper.framework; path = CodableExtensions.framework; sourceTree = BUILT_PRODUCTS_DIR; };
		"CodableExtensions::CodableExtensionsTests::Product" /* CodableExtensionsTests.xctest */ = {isa = PBXFileReference; lastKnownFileType = file; path = CodableExtensionsTests.xctest; sourceTree = BUILT_PRODUCTS_DIR; };
		OBJ_10 /* CodableDefaults.swift */ = {isa = PBXFileReference; lastKnownFileType = sourcecode.swift; path = CodableDefaults.swift; sourceTree = "<group>"; };
		OBJ_100 /* bin */ = {isa = PBXFileReference; lastKnownFileType = folder; path = bin; sourceTree = SOURCE_ROOT; };
		OBJ_101 /* Example */ = {isa = PBXFileReference; lastKnownFileType = folder; path = Example; sourceTree = SOURCE_ROOT; };
		OBJ_102 /* CodableExtensionsTests */ = {isa = PBXFileReference; lastKnownFileType = folder; path = CodableExtensionsTests; sourceTree = SOURCE_ROOT; };
		OBJ_103 /* Info */ = {isa = PBXFileReference; lastKnownFileType = folder; path = Info; sourceTree = SOURCE_ROOT; };
		OBJ_104 /* LICENSE.md */ = {isa = PBXFileReference; lastKnownFileType = net.daringfireball.markdown; path = LICENSE.md; sourceTree = "<group>"; };
		OBJ_105 /* Cartfile */ = {isa = PBXFileReference; lastKnownFileType = text; path = Cartfile; sourceTree = "<group>"; };
		OBJ_106 /* README.md */ = {isa = PBXFileReference; lastKnownFileType = net.daringfireball.markdown; path = README.md; sourceTree = "<group>"; };
		OBJ_107 /* run_tests.sh */ = {isa = PBXFileReference; lastKnownFileType = text.script.sh; path = run_tests.sh; sourceTree = "<group>"; };
		OBJ_108 /* CONTRIBUTING.md */ = {isa = PBXFileReference; lastKnownFileType = net.daringfireball.markdown; path = CONTRIBUTING.md; sourceTree = "<group>"; };
		OBJ_109 /* circle.yml */ = {isa = PBXFileReference; lastKnownFileType = text; path = circle.yml; sourceTree = "<group>"; };
		OBJ_11 /* CodableExtensions.swift */ = {isa = PBXFileReference; lastKnownFileType = sourcecode.swift; path = CodableExtensions.swift; sourceTree = "<group>"; };
		OBJ_110 /* CodableExtensions.podspec */ = {isa = PBXFileReference; lastKnownFileType = text; path = CodableExtensions.podspec; sourceTree = "<group>"; };
		OBJ_12 /* CodableTransformer.swift */ = {isa = PBXFileReference; lastKnownFileType = sourcecode.swift; path = CodableTransformer.swift; sourceTree = "<group>"; };
		OBJ_13 /* DecoderUpdatable.swift */ = {isa = PBXFileReference; lastKnownFileType = sourcecode.swift; path = DecoderUpdatable.swift; sourceTree = "<group>"; };
		OBJ_14 /* ReflectionCodable.swift */ = {isa = PBXFileReference; lastKnownFileType = sourcecode.swift; path = ReflectionCodable.swift; sourceTree = "<group>"; };
		OBJ_16 /* CodableExtensionsTests.swift */ = {isa = PBXFileReference; lastKnownFileType = sourcecode.swift; path = CodableExtensionsTests.swift; sourceTree = "<group>"; };
		OBJ_19 /* Package.swift */ = {isa = PBXFileReference; explicitFileType = sourcecode.swift; name = Package.swift; path = /Users/brianstrobach/Appsaurus/Company/Projects/OpenSource/Swift/CodableExtensions/.build/checkouts/RuntimeExtensions/Package.swift; sourceTree = "<group>"; };
		OBJ_20 /* EmptyInitializable.swift */ = {isa = PBXFileReference; lastKnownFileType = sourcecode.swift; path = EmptyInitializable.swift; sourceTree = "<group>"; };
		OBJ_21 /* EnumUtils.swift */ = {isa = PBXFileReference; lastKnownFileType = sourcecode.swift; path = EnumUtils.swift; sourceTree = "<group>"; };
		OBJ_22 /* GlobalRuntimeFunctions.swift */ = {isa = PBXFileReference; lastKnownFileType = sourcecode.swift; path = GlobalRuntimeFunctions.swift; sourceTree = "<group>"; };
		OBJ_23 /* KVC.swift */ = {isa = PBXFileReference; lastKnownFileType = sourcecode.swift; path = KVC.swift; sourceTree = "<group>"; };
		OBJ_25 /* Package.swift */ = {isa = PBXFileReference; explicitFileType = sourcecode.swift; name = Package.swift; path = /Users/brianstrobach/Appsaurus/Company/Projects/OpenSource/Swift/CodableExtensions/.build/checkouts/SwiftTestUtils/Package.swift; sourceTree = "<group>"; };
		OBJ_26 /* BaseTestCase.swift */ = {isa = PBXFileReference; lastKnownFileType = sourcecode.swift; path = BaseTestCase.swift; sourceTree = "<group>"; };
		OBJ_27 /* LinuxTestable.swift */ = {isa = PBXFileReference; lastKnownFileType = sourcecode.swift; path = LinuxTestable.swift; sourceTree = "<group>"; };
		OBJ_28 /* XCAssertions.swift */ = {isa = PBXFileReference; lastKnownFileType = sourcecode.swift; path = XCAssertions.swift; sourceTree = "<group>"; };
		OBJ_32 /* DefaultValue.swift */ = {isa = PBXFileReference; lastKnownFileType = sourcecode.swift; path = DefaultValue.swift; sourceTree = "<group>"; };
		OBJ_33 /* Factory.swift */ = {isa = PBXFileReference; lastKnownFileType = sourcecode.swift; path = Factory.swift; sourceTree = "<group>"; };
		OBJ_35 /* ClassHeader.swift */ = {isa = PBXFileReference; lastKnownFileType = sourcecode.swift; path = ClassHeader.swift; sourceTree = "<group>"; };
		OBJ_36 /* ClassMetadataLayout.swift */ = {isa = PBXFileReference; lastKnownFileType = sourcecode.swift; path = ClassMetadataLayout.swift; sourceTree = "<group>"; };
		OBJ_37 /* ClassTypeDescriptor.swift */ = {isa = PBXFileReference; lastKnownFileType = sourcecode.swift; path = ClassTypeDescriptor.swift; sourceTree = "<group>"; };
		OBJ_38 /* EnumMetadataLayout.swift */ = {isa = PBXFileReference; lastKnownFileType = sourcecode.swift; path = EnumMetadataLayout.swift; sourceTree = "<group>"; };
		OBJ_39 /* EnumTypeDescriptor.swift */ = {isa = PBXFileReference; lastKnownFileType = sourcecode.swift; path = EnumTypeDescriptor.swift; sourceTree = "<group>"; };
		OBJ_40 /* ExistentialContainter.swift */ = {isa = PBXFileReference; lastKnownFileType = sourcecode.swift; path = ExistentialContainter.swift; sourceTree = "<group>"; };
		OBJ_41 /* FieldDescriptor.swift */ = {isa = PBXFileReference; lastKnownFileType = sourcecode.swift; path = FieldDescriptor.swift; sourceTree = "<group>"; };
		OBJ_42 /* FunctionMetadataLayout.swift */ = {isa = PBXFileReference; lastKnownFileType = sourcecode.swift; path = FunctionMetadataLayout.swift; sourceTree = "<group>"; };
		OBJ_43 /* MetadataLayoutType.swift */ = {isa = PBXFileReference; lastKnownFileType = sourcecode.swift; path = MetadataLayoutType.swift; sourceTree = "<group>"; };
		OBJ_44 /* ProtocolDescriptor.swift */ = {isa = PBXFileReference; lastKnownFileType = sourcecode.swift; path = ProtocolDescriptor.swift; sourceTree = "<group>"; };
		OBJ_45 /* ProtocolMetadataLayout.swift */ = {isa = PBXFileReference; lastKnownFileType = sourcecode.swift; path = ProtocolMetadataLayout.swift; sourceTree = "<group>"; };
		OBJ_46 /* ProtocolTypeContainer.swift */ = {isa = PBXFileReference; lastKnownFileType = sourcecode.swift; path = ProtocolTypeContainer.swift; sourceTree = "<group>"; };
		OBJ_47 /* StructMetadataLayout.swift */ = {isa = PBXFileReference; lastKnownFileType = sourcecode.swift; path = StructMetadataLayout.swift; sourceTree = "<group>"; };
		OBJ_48 /* StructTypeDescriptor.swift */ = {isa = PBXFileReference; lastKnownFileType = sourcecode.swift; path = StructTypeDescriptor.swift; sourceTree = "<group>"; };
		OBJ_49 /* TargetTypeGenericContextDescriptorHeader.swift */ = {isa = PBXFileReference; lastKnownFileType = sourcecode.swift; path = TargetTypeGenericContextDescriptorHeader.swift; sourceTree = "<group>"; };
		OBJ_50 /* TupleMetadataLayout.swift */ = {isa = PBXFileReference; lastKnownFileType = sourcecode.swift; path = TupleMetadataLayout.swift; sourceTree = "<group>"; };
		OBJ_51 /* TypeDescriptor.swift */ = {isa = PBXFileReference; lastKnownFileType = sourcecode.swift; path = TypeDescriptor.swift; sourceTree = "<group>"; };
		OBJ_52 /* ValueWitnessTable.swift */ = {isa = PBXFileReference; lastKnownFileType = sourcecode.swift; path = ValueWitnessTable.swift; sourceTree = "<group>"; };
		OBJ_54 /* ClassMetadata.swift */ = {isa = PBXFileReference; lastKnownFileType = sourcecode.swift; path = ClassMetadata.swift; sourceTree = "<group>"; };
		OBJ_55 /* EnumMetadata.swift */ = {isa = PBXFileReference; lastKnownFileType = sourcecode.swift; path = EnumMetadata.swift; sourceTree = "<group>"; };
		OBJ_56 /* FuntionMetadata.swift */ = {isa = PBXFileReference; lastKnownFileType = sourcecode.swift; path = FuntionMetadata.swift; sourceTree = "<group>"; };
		OBJ_57 /* Metadata.swift */ = {isa = PBXFileReference; lastKnownFileType = sourcecode.swift; path = Metadata.swift; sourceTree = "<group>"; };
		OBJ_58 /* MetadataType.swift */ = {isa = PBXFileReference; lastKnownFileType = sourcecode.swift; path = MetadataType.swift; sourceTree = "<group>"; };
		OBJ_59 /* NominalMetadataType.swift */ = {isa = PBXFileReference; lastKnownFileType = sourcecode.swift; path = NominalMetadataType.swift; sourceTree = "<group>"; };
		OBJ_6 /* Package.swift */ = {isa = PBXFileReference; explicitFileType = sourcecode.swift; path = Package.swift; sourceTree = "<group>"; };
		OBJ_60 /* ProtocolMetadata.swift */ = {isa = PBXFileReference; lastKnownFileType = sourcecode.swift; path = ProtocolMetadata.swift; sourceTree = "<group>"; };
		OBJ_61 /* StructMetadata.swift */ = {isa = PBXFileReference; lastKnownFileType = sourcecode.swift; path = StructMetadata.swift; sourceTree = "<group>"; };
		OBJ_62 /* TupleMetadata.swift */ = {isa = PBXFileReference; lastKnownFileType = sourcecode.swift; path = TupleMetadata.swift; sourceTree = "<group>"; };
		OBJ_64 /* Case.swift */ = {isa = PBXFileReference; lastKnownFileType = sourcecode.swift; path = Case.swift; sourceTree = "<group>"; };
		OBJ_65 /* Errors.swift */ = {isa = PBXFileReference; lastKnownFileType = sourcecode.swift; path = Errors.swift; sourceTree = "<group>"; };
		OBJ_66 /* FunctionInfo.swift */ = {isa = PBXFileReference; lastKnownFileType = sourcecode.swift; path = FunctionInfo.swift; sourceTree = "<group>"; };
		OBJ_67 /* Kind.swift */ = {isa = PBXFileReference; lastKnownFileType = sourcecode.swift; path = Kind.swift; sourceTree = "<group>"; };
		OBJ_68 /* PropertyInfo.swift */ = {isa = PBXFileReference; lastKnownFileType = sourcecode.swift; path = PropertyInfo.swift; sourceTree = "<group>"; };
		OBJ_69 /* TypeInfo.swift */ = {isa = PBXFileReference; lastKnownFileType = sourcecode.swift; path = TypeInfo.swift; sourceTree = "<group>"; };
		OBJ_70 /* TypeInfoConvertible.swift */ = {isa = PBXFileReference; lastKnownFileType = sourcecode.swift; path = TypeInfoConvertible.swift; sourceTree = "<group>"; };
		OBJ_72 /* Pointers.swift */ = {isa = PBXFileReference; lastKnownFileType = sourcecode.swift; path = Pointers.swift; sourceTree = "<group>"; };
		OBJ_73 /* RelativePointer.swift */ = {isa = PBXFileReference; lastKnownFileType = sourcecode.swift; path = RelativePointer.swift; sourceTree = "<group>"; };
		OBJ_74 /* RelativeVectorPointer.swift */ = {isa = PBXFileReference; lastKnownFileType = sourcecode.swift; path = RelativeVectorPointer.swift; sourceTree = "<group>"; };
		OBJ_75 /* Union.swift */ = {isa = PBXFileReference; lastKnownFileType = sourcecode.swift; path = Union.swift; sourceTree = "<group>"; };
		OBJ_76 /* Vector.swift */ = {isa = PBXFileReference; lastKnownFileType = sourcecode.swift; path = Vector.swift; sourceTree = "<group>"; };
		OBJ_78 /* GettersSetters.swift */ = {isa = PBXFileReference; lastKnownFileType = sourcecode.swift; path = GettersSetters.swift; sourceTree = "<group>"; };
		OBJ_79 /* IntegerConvertible.swift */ = {isa = PBXFileReference; lastKnownFileType = sourcecode.swift; path = IntegerConvertible.swift; sourceTree = "<group>"; };
		OBJ_8 /* AnyCodableExtensions.swift */ = {isa = PBXFileReference; lastKnownFileType = sourcecode.swift; path = AnyCodableExtensions.swift; sourceTree = "<group>"; };
		OBJ_80 /* Pointer+Extensions.swift */ = {isa = PBXFileReference; lastKnownFileType = sourcecode.swift; path = "Pointer+Extensions.swift"; sourceTree = "<group>"; };
		OBJ_81 /* RetainCounts.swift */ = {isa = PBXFileReference; lastKnownFileType = sourcecode.swift; path = RetainCounts.swift; sourceTree = "<group>"; };
		OBJ_82 /* String+Extensions.swift */ = {isa = PBXFileReference; lastKnownFileType = sourcecode.swift; path = "String+Extensions.swift"; sourceTree = "<group>"; };
		OBJ_83 /* Package.swift */ = {isa = PBXFileReference; explicitFileType = sourcecode.swift; name = Package.swift; path = /Users/brianstrobach/Appsaurus/Company/Projects/OpenSource/Swift/CodableExtensions/.build/checkouts/Runtime/Package.swift; sourceTree = "<group>"; };
		OBJ_86 /* AnyCodable.swift */ = {isa = PBXFileReference; lastKnownFileType = sourcecode.swift; path = AnyCodable.swift; sourceTree = "<group>"; };
		OBJ_87 /* GenericDecodingContainer.swift */ = {isa = PBXFileReference; lastKnownFileType = sourcecode.swift; path = GenericDecodingContainer.swift; sourceTree = "<group>"; };
		OBJ_88 /* InvalidElementStrategy.swift */ = {isa = PBXFileReference; lastKnownFileType = sourcecode.swift; path = InvalidElementStrategy.swift; sourceTree = "<group>"; };
		OBJ_89 /* KeyedDecodingContainer+Any.swift */ = {isa = PBXFileReference; lastKnownFileType = sourcecode.swift; path = "KeyedDecodingContainer+Any.swift"; sourceTree = "<group>"; };
		OBJ_9 /* Codable+iso8601.swift */ = {isa = PBXFileReference; lastKnownFileType = sourcecode.swift; path = "Codable+iso8601.swift"; sourceTree = "<group>"; };
		OBJ_90 /* KeyedEncodingContainer+Any.swift */ = {isa = PBXFileReference; lastKnownFileType = sourcecode.swift; path = "KeyedEncodingContainer+Any.swift"; sourceTree = "<group>"; };
		OBJ_91 /* RawCodingKey.swift */ = {isa = PBXFileReference; lastKnownFileType = sourcecode.swift; path = RawCodingKey.swift; sourceTree = "<group>"; };
		OBJ_92 /* Package.swift */ = {isa = PBXFileReference; explicitFileType = sourcecode.swift; name = Package.swift; path = /Users/brianstrobach/Appsaurus/Company/Projects/OpenSource/Swift/CodableExtensions/.build/checkouts/Codability/Package.swift; sourceTree = "<group>"; };
		"Runtime::Runtime::Product" /* Runtime.framework */ = {isa = PBXFileReference; lastKnownFileType = wrapper.framework; path = Runtime.framework; sourceTree = BUILT_PRODUCTS_DIR; };
		"RuntimeExtensions::RuntimeExtensions::Product" /* RuntimeExtensions.framework */ = {isa = PBXFileReference; lastKnownFileType = wrapper.framework; path = RuntimeExtensions.framework; sourceTree = BUILT_PRODUCTS_DIR; };
		"SwiftTestUtils::SwiftTestUtils::Product" /* SwiftTestUtils.framework */ = {isa = PBXFileReference; lastKnownFileType = wrapper.framework; path = SwiftTestUtils.framework; sourceTree = BUILT_PRODUCTS_DIR; };
/* End PBXFileReference section */

/* Begin PBXFrameworksBuildPhase section */
		OBJ_126 /* Frameworks */ = {
			isa = PBXFrameworksBuildPhase;
			buildActionMask = 0;
			files = (
			);
			runOnlyForDeploymentPostprocessing = 0;
		};
		OBJ_145 /* Frameworks */ = {
			isa = PBXFrameworksBuildPhase;
			buildActionMask = 0;
			files = (
				OBJ_146 /* Codability.framework in Frameworks */,
				OBJ_147 /* RuntimeExtensions.framework in Frameworks */,
				OBJ_148 /* Runtime.framework in Frameworks */,
			);
			runOnlyForDeploymentPostprocessing = 0;
		};
		OBJ_171 /* Frameworks */ = {
			isa = PBXFrameworksBuildPhase;
			buildActionMask = 0;
			files = (
				OBJ_172 /* SwiftTestUtils.framework in Frameworks */,
				OBJ_173 /* CodableExtensions.framework in Frameworks */,
				OBJ_174 /* Codability.framework in Frameworks */,
				OBJ_175 /* RuntimeExtensions.framework in Frameworks */,
				OBJ_176 /* Runtime.framework in Frameworks */,
			);
			runOnlyForDeploymentPostprocessing = 0;
		};
		OBJ_233 /* Frameworks */ = {
			isa = PBXFrameworksBuildPhase;
			buildActionMask = 0;
			files = (
			);
			runOnlyForDeploymentPostprocessing = 0;
		};
		OBJ_242 /* Frameworks */ = {
			isa = PBXFrameworksBuildPhase;
			buildActionMask = 0;
			files = (
				OBJ_243 /* Runtime.framework in Frameworks */,
			);
			runOnlyForDeploymentPostprocessing = 0;
		};
		OBJ_264 /* Frameworks */ = {
			isa = PBXFrameworksBuildPhase;
			buildActionMask = 0;
			files = (
			);
			runOnlyForDeploymentPostprocessing = 0;
		};
/* End PBXFrameworksBuildPhase section */

/* Begin PBXGroup section */
		OBJ_15 /* Tests */ = {
			isa = PBXGroup;
			children = (
				OBJ_16 /* CodableExtensionsTests.swift */,
			);
			name = Tests;
			path = CodableExtensionsTests/Shared;
			sourceTree = SOURCE_ROOT;
		};
		OBJ_17 /* Dependencies */ = {
			isa = PBXGroup;
			children = (
				OBJ_18 /* RuntimeExtensions 0.1.4 */,
				OBJ_24 /* SwiftTestUtils 1.0.1 */,
				OBJ_29 /* Runtime 2.1.0 */,
				OBJ_84 /* Codability 0.2.1 */,
			);
			name = Dependencies;
			sourceTree = "<group>";
		};
		OBJ_18 /* RuntimeExtensions 0.1.4 */ = {
			isa = PBXGroup;
			children = (
				OBJ_19 /* Package.swift */,
				OBJ_20 /* EmptyInitializable.swift */,
				OBJ_21 /* EnumUtils.swift */,
				OBJ_22 /* GlobalRuntimeFunctions.swift */,
				OBJ_23 /* KVC.swift */,
			);
			name = "RuntimeExtensions 0.1.4";
			path = .build/checkouts/RuntimeExtensions/Sources/Shared;
			sourceTree = SOURCE_ROOT;
		};
		OBJ_24 /* SwiftTestUtils 1.0.1 */ = {
			isa = PBXGroup;
			children = (
				OBJ_25 /* Package.swift */,
				OBJ_26 /* BaseTestCase.swift */,
				OBJ_27 /* LinuxTestable.swift */,
				OBJ_28 /* XCAssertions.swift */,
			);
			name = "SwiftTestUtils 1.0.1";
			path = .build/checkouts/SwiftTestUtils/Sources/Shared;
			sourceTree = SOURCE_ROOT;
		};
		OBJ_29 /* Runtime 2.1.0 */ = {
			isa = PBXGroup;
			children = (
				OBJ_30 /* Runtime */,
				OBJ_83 /* Package.swift */,
			);
			name = "Runtime 2.1.0";
			sourceTree = SOURCE_ROOT;
		};
		OBJ_30 /* Runtime */ = {
			isa = PBXGroup;
			children = (
				OBJ_31 /* Factory */,
				OBJ_34 /* Layouts */,
				OBJ_53 /* Metadata */,
				OBJ_63 /* Models */,
				OBJ_71 /* Pointers */,
				OBJ_77 /* Utilities */,
			);
			name = Runtime;
			path = .build/checkouts/Runtime/Sources/Runtime;
			sourceTree = SOURCE_ROOT;
		};
		OBJ_31 /* Factory */ = {
			isa = PBXGroup;
			children = (
				OBJ_32 /* DefaultValue.swift */,
				OBJ_33 /* Factory.swift */,
			);
			path = Factory;
			sourceTree = "<group>";
		};
		OBJ_34 /* Layouts */ = {
			isa = PBXGroup;
			children = (
				OBJ_35 /* ClassHeader.swift */,
				OBJ_36 /* ClassMetadataLayout.swift */,
				OBJ_37 /* ClassTypeDescriptor.swift */,
				OBJ_38 /* EnumMetadataLayout.swift */,
				OBJ_39 /* EnumTypeDescriptor.swift */,
				OBJ_40 /* ExistentialContainter.swift */,
				OBJ_41 /* FieldDescriptor.swift */,
				OBJ_42 /* FunctionMetadataLayout.swift */,
				OBJ_43 /* MetadataLayoutType.swift */,
				OBJ_44 /* ProtocolDescriptor.swift */,
				OBJ_45 /* ProtocolMetadataLayout.swift */,
				OBJ_46 /* ProtocolTypeContainer.swift */,
				OBJ_47 /* StructMetadataLayout.swift */,
				OBJ_48 /* StructTypeDescriptor.swift */,
				OBJ_49 /* TargetTypeGenericContextDescriptorHeader.swift */,
				OBJ_50 /* TupleMetadataLayout.swift */,
				OBJ_51 /* TypeDescriptor.swift */,
				OBJ_52 /* ValueWitnessTable.swift */,
			);
			path = Layouts;
			sourceTree = "<group>";
		};
		OBJ_5 /*  */ = {
			isa = PBXGroup;
			children = (
				OBJ_6 /* Package.swift */,
				OBJ_7 /* Sources */,
				OBJ_15 /* Tests */,
				OBJ_17 /* Dependencies */,
				OBJ_93 /* Products */,
				OBJ_100 /* bin */,
				OBJ_101 /* Example */,
				OBJ_102 /* CodableExtensionsTests */,
				OBJ_103 /* Info */,
				OBJ_104 /* LICENSE.md */,
				OBJ_105 /* Cartfile */,
				OBJ_106 /* README.md */,
				OBJ_107 /* run_tests.sh */,
				OBJ_108 /* CONTRIBUTING.md */,
				OBJ_109 /* circle.yml */,
				OBJ_110 /* CodableExtensions.podspec */,
			);
			name = "";
			sourceTree = "<group>";
		};
		OBJ_53 /* Metadata */ = {
			isa = PBXGroup;
			children = (
				OBJ_54 /* ClassMetadata.swift */,
				OBJ_55 /* EnumMetadata.swift */,
				OBJ_56 /* FuntionMetadata.swift */,
				OBJ_57 /* Metadata.swift */,
				OBJ_58 /* MetadataType.swift */,
				OBJ_59 /* NominalMetadataType.swift */,
				OBJ_60 /* ProtocolMetadata.swift */,
				OBJ_61 /* StructMetadata.swift */,
				OBJ_62 /* TupleMetadata.swift */,
			);
			path = Metadata;
			sourceTree = "<group>";
		};
		OBJ_63 /* Models */ = {
			isa = PBXGroup;
			children = (
				OBJ_64 /* Case.swift */,
				OBJ_65 /* Errors.swift */,
				OBJ_66 /* FunctionInfo.swift */,
				OBJ_67 /* Kind.swift */,
				OBJ_68 /* PropertyInfo.swift */,
				OBJ_69 /* TypeInfo.swift */,
				OBJ_70 /* TypeInfoConvertible.swift */,
			);
			path = Models;
			sourceTree = "<group>";
		};
		OBJ_7 /* Sources */ = {
			isa = PBXGroup;
			children = (
				OBJ_8 /* AnyCodableExtensions.swift */,
				OBJ_9 /* Codable+iso8601.swift */,
				OBJ_10 /* CodableDefaults.swift */,
				OBJ_11 /* CodableExtensions.swift */,
				OBJ_12 /* CodableTransformer.swift */,
				OBJ_13 /* DecoderUpdatable.swift */,
				OBJ_14 /* ReflectionCodable.swift */,
			);
			name = Sources;
			path = Sources/Shared;
			sourceTree = SOURCE_ROOT;
		};
		OBJ_71 /* Pointers */ = {
			isa = PBXGroup;
			children = (
				OBJ_72 /* Pointers.swift */,
				OBJ_73 /* RelativePointer.swift */,
				OBJ_74 /* RelativeVectorPointer.swift */,
				OBJ_75 /* Union.swift */,
				OBJ_76 /* Vector.swift */,
			);
			path = Pointers;
			sourceTree = "<group>";
		};
		OBJ_77 /* Utilities */ = {
			isa = PBXGroup;
			children = (
				OBJ_78 /* GettersSetters.swift */,
				OBJ_79 /* IntegerConvertible.swift */,
				OBJ_80 /* Pointer+Extensions.swift */,
				OBJ_81 /* RetainCounts.swift */,
				OBJ_82 /* String+Extensions.swift */,
			);
			path = Utilities;
			sourceTree = "<group>";
		};
		OBJ_84 /* Codability 0.2.1 */ = {
			isa = PBXGroup;
			children = (
				OBJ_85 /* Codability */,
				OBJ_92 /* Package.swift */,
			);
			name = "Codability 0.2.1";
			sourceTree = SOURCE_ROOT;
		};
		OBJ_85 /* Codability */ = {
			isa = PBXGroup;
			children = (
				OBJ_86 /* AnyCodable.swift */,
				OBJ_87 /* GenericDecodingContainer.swift */,
				OBJ_88 /* InvalidElementStrategy.swift */,
				OBJ_89 /* KeyedDecodingContainer+Any.swift */,
				OBJ_90 /* KeyedEncodingContainer+Any.swift */,
				OBJ_91 /* RawCodingKey.swift */,
			);
			name = Codability;
			path = .build/checkouts/Codability/Sources/Codability;
			sourceTree = SOURCE_ROOT;
		};
		OBJ_93 /* Products */ = {
			isa = PBXGroup;
			children = (
				"CodableExtensions::CodableExtensions::Product" /* CodableExtensions.framework */,
				"RuntimeExtensions::RuntimeExtensions::Product" /* RuntimeExtensions.framework */,
				"SwiftTestUtils::SwiftTestUtils::Product" /* SwiftTestUtils.framework */,
				"CodableExtensions::CodableExtensionsTests::Product" /* CodableExtensionsTests.xctest */,
				"Runtime::Runtime::Product" /* Runtime.framework */,
				"Codability::Codability::Product" /* Codability.framework */,
			);
			name = Products;
			sourceTree = BUILT_PRODUCTS_DIR;
		};
/* End PBXGroup section */

/* Begin PBXNativeTarget section */
		"Codability::Codability" /* Codability */ = {
			isa = PBXNativeTarget;
			buildConfigurationList = OBJ_116 /* Build configuration list for PBXNativeTarget "Codability" */;
			buildPhases = (
				OBJ_119 /* Sources */,
				OBJ_126 /* Frameworks */,
			);
			buildRules = (
			);
			dependencies = (
			);
			name = Codability;
			productName = Codability;
			productReference = "Codability::Codability::Product" /* Codability.framework */;
			productType = "com.apple.product-type.framework";
		};
		"Codability::SwiftPMPackageDescription" /* CodabilityPackageDescription */ = {
			isa = PBXNativeTarget;
			buildConfigurationList = OBJ_128 /* Build configuration list for PBXNativeTarget "CodabilityPackageDescription" */;
			buildPhases = (
				OBJ_131 /* Sources */,
			);
			buildRules = (
			);
			dependencies = (
			);
			name = CodabilityPackageDescription;
			productName = CodabilityPackageDescription;
			productType = "com.apple.product-type.framework";
		};
		"CodableExtensions::CodableExtensions" /* CodableExtensions */ = {
			isa = PBXNativeTarget;
			buildConfigurationList = OBJ_134 /* Build configuration list for PBXNativeTarget "CodableExtensions" */;
			buildPhases = (
				OBJ_137 /* Sources */,
				OBJ_145 /* Frameworks */,
			);
			buildRules = (
			);
			dependencies = (
				OBJ_149 /* PBXTargetDependency */,
				OBJ_150 /* PBXTargetDependency */,
				OBJ_152 /* PBXTargetDependency */,
			);
			name = CodableExtensions;
			productName = CodableExtensions;
			productReference = "CodableExtensions::CodableExtensions::Product" /* CodableExtensions.framework */;
			productType = "com.apple.product-type.framework";
		};
		"CodableExtensions::CodableExtensionsTests" /* CodableExtensionsTests */ = {
			isa = PBXNativeTarget;
			buildConfigurationList = OBJ_166 /* Build configuration list for PBXNativeTarget "CodableExtensionsTests" */;
			buildPhases = (
				OBJ_169 /* Sources */,
				OBJ_171 /* Frameworks */,
			);
			buildRules = (
			);
			dependencies = (
				OBJ_177 /* PBXTargetDependency */,
				OBJ_179 /* PBXTargetDependency */,
				OBJ_180 /* PBXTargetDependency */,
				OBJ_181 /* PBXTargetDependency */,
				OBJ_182 /* PBXTargetDependency */,
			);
			name = CodableExtensionsTests;
			productName = CodableExtensionsTests;
			productReference = "CodableExtensions::CodableExtensionsTests::Product" /* CodableExtensionsTests.xctest */;
			productType = "com.apple.product-type.bundle.unit-test";
		};
		"CodableExtensions::SwiftPMPackageDescription" /* CodableExtensionsPackageDescription */ = {
			isa = PBXNativeTarget;
			buildConfigurationList = OBJ_155 /* Build configuration list for PBXNativeTarget "CodableExtensionsPackageDescription" */;
			buildPhases = (
				OBJ_158 /* Sources */,
			);
			buildRules = (
			);
			dependencies = (
			);
			name = CodableExtensionsPackageDescription;
			productName = CodableExtensionsPackageDescription;
			productType = "com.apple.product-type.framework";
		};
		"Runtime::Runtime" /* Runtime */ = {
			isa = PBXNativeTarget;
			buildConfigurationList = OBJ_183 /* Build configuration list for PBXNativeTarget "Runtime" */;
			buildPhases = (
				OBJ_186 /* Sources */,
				OBJ_233 /* Frameworks */,
			);
			buildRules = (
			);
			dependencies = (
			);
			name = Runtime;
			productName = Runtime;
			productReference = "Runtime::Runtime::Product" /* Runtime.framework */;
			productType = "com.apple.product-type.framework";
		};
		"Runtime::SwiftPMPackageDescription" /* RuntimePackageDescription */ = {
			isa = PBXNativeTarget;
			buildConfigurationList = OBJ_252 /* Build configuration list for PBXNativeTarget "RuntimePackageDescription" */;
			buildPhases = (
				OBJ_255 /* Sources */,
			);
			buildRules = (
			);
			dependencies = (
			);
			name = RuntimePackageDescription;
			productName = RuntimePackageDescription;
			productType = "com.apple.product-type.framework";
		};
		"RuntimeExtensions::RuntimeExtensions" /* RuntimeExtensions */ = {
			isa = PBXNativeTarget;
			buildConfigurationList = OBJ_234 /* Build configuration list for PBXNativeTarget "RuntimeExtensions" */;
			buildPhases = (
				OBJ_237 /* Sources */,
				OBJ_242 /* Frameworks */,
			);
			buildRules = (
			);
			dependencies = (
				OBJ_244 /* PBXTargetDependency */,
			);
			name = RuntimeExtensions;
			productName = RuntimeExtensions;
			productReference = "RuntimeExtensions::RuntimeExtensions::Product" /* RuntimeExtensions.framework */;
			productType = "com.apple.product-type.framework";
		};
		"RuntimeExtensions::SwiftPMPackageDescription" /* RuntimeExtensionsPackageDescription */ = {
			isa = PBXNativeTarget;
			buildConfigurationList = OBJ_246 /* Build configuration list for PBXNativeTarget "RuntimeExtensionsPackageDescription" */;
			buildPhases = (
				OBJ_249 /* Sources */,
			);
			buildRules = (
			);
			dependencies = (
			);
			name = RuntimeExtensionsPackageDescription;
			productName = RuntimeExtensionsPackageDescription;
			productType = "com.apple.product-type.framework";
		};
		"SwiftTestUtils::SwiftPMPackageDescription" /* SwiftTestUtilsPackageDescription */ = {
			isa = PBXNativeTarget;
			buildConfigurationList = OBJ_266 /* Build configuration list for PBXNativeTarget "SwiftTestUtilsPackageDescription" */;
			buildPhases = (
				OBJ_269 /* Sources */,
			);
			buildRules = (
			);
			dependencies = (
			);
			name = SwiftTestUtilsPackageDescription;
			productName = SwiftTestUtilsPackageDescription;
			productType = "com.apple.product-type.framework";
		};
		"SwiftTestUtils::SwiftTestUtils" /* SwiftTestUtils */ = {
			isa = PBXNativeTarget;
			buildConfigurationList = OBJ_257 /* Build configuration list for PBXNativeTarget "SwiftTestUtils" */;
			buildPhases = (
				OBJ_260 /* Sources */,
				OBJ_264 /* Frameworks */,
			);
			buildRules = (
			);
			dependencies = (
			);
			name = SwiftTestUtils;
			productName = SwiftTestUtils;
			productReference = "SwiftTestUtils::SwiftTestUtils::Product" /* SwiftTestUtils.framework */;
			productType = "com.apple.product-type.framework";
		};
/* End PBXNativeTarget section */

/* Begin PBXProject section */
		OBJ_1 /* Project object */ = {
			isa = PBXProject;
			attributes = {
				LastSwiftMigration = 9999;
				LastUpgradeCheck = 9999;
			};
			buildConfigurationList = OBJ_2 /* Build configuration list for PBXProject "CodableExtensions" */;
			compatibilityVersion = "Xcode 3.2";
			developmentRegion = English;
			hasScannedForEncodings = 0;
			knownRegions = (
				English,
				en,
			);
			mainGroup = OBJ_5 /*  */;
			productRefGroup = OBJ_93 /* Products */;
			projectDirPath = "";
			projectRoot = "";
			targets = (
				"CRuntime::CRuntime::ProductTarget" /* CRuntime */,
				"Codability::Codability" /* Codability */,
				"Codability::SwiftPMPackageDescription" /* CodabilityPackageDescription */,
				"CodableExtensions::CodableExtensions" /* CodableExtensions */,
				"CodableExtensions::SwiftPMPackageDescription" /* CodableExtensionsPackageDescription */,
				"CodableExtensions::CodableExtensionsPackageTests::ProductTarget" /* CodableExtensionsPackageTests */,
				"CodableExtensions::CodableExtensionsTests" /* CodableExtensionsTests */,
				"Runtime::Runtime" /* Runtime */,
				"RuntimeExtensions::RuntimeExtensions" /* RuntimeExtensions */,
				"RuntimeExtensions::SwiftPMPackageDescription" /* RuntimeExtensionsPackageDescription */,
				"Runtime::SwiftPMPackageDescription" /* RuntimePackageDescription */,
				"SwiftTestUtils::SwiftTestUtils" /* SwiftTestUtils */,
				"SwiftTestUtils::SwiftPMPackageDescription" /* SwiftTestUtilsPackageDescription */,
			);
		};
/* End PBXProject section */

/* Begin PBXSourcesBuildPhase section */
		OBJ_119 /* Sources */ = {
			isa = PBXSourcesBuildPhase;
			buildActionMask = 0;
			files = (
				OBJ_120 /* AnyCodable.swift in Sources */,
				OBJ_121 /* GenericDecodingContainer.swift in Sources */,
				OBJ_122 /* InvalidElementStrategy.swift in Sources */,
				OBJ_123 /* KeyedDecodingContainer+Any.swift in Sources */,
				OBJ_124 /* KeyedEncodingContainer+Any.swift in Sources */,
				OBJ_125 /* RawCodingKey.swift in Sources */,
			);
			runOnlyForDeploymentPostprocessing = 0;
		};
		OBJ_131 /* Sources */ = {
			isa = PBXSourcesBuildPhase;
			buildActionMask = 0;
			files = (
				OBJ_132 /* Package.swift in Sources */,
			);
			runOnlyForDeploymentPostprocessing = 0;
		};
		OBJ_137 /* Sources */ = {
			isa = PBXSourcesBuildPhase;
			buildActionMask = 0;
			files = (
				OBJ_138 /* AnyCodableExtensions.swift in Sources */,
				OBJ_139 /* Codable+iso8601.swift in Sources */,
				OBJ_140 /* CodableDefaults.swift in Sources */,
				OBJ_141 /* CodableExtensions.swift in Sources */,
				OBJ_142 /* CodableTransformer.swift in Sources */,
				OBJ_143 /* DecoderUpdatable.swift in Sources */,
				OBJ_144 /* ReflectionCodable.swift in Sources */,
			);
			runOnlyForDeploymentPostprocessing = 0;
		};
		OBJ_158 /* Sources */ = {
			isa = PBXSourcesBuildPhase;
			buildActionMask = 0;
			files = (
				OBJ_159 /* Package.swift in Sources */,
			);
			runOnlyForDeploymentPostprocessing = 0;
		};
		OBJ_169 /* Sources */ = {
			isa = PBXSourcesBuildPhase;
			buildActionMask = 0;
			files = (
				OBJ_170 /* CodableExtensionsTests.swift in Sources */,
			);
			runOnlyForDeploymentPostprocessing = 0;
		};
		OBJ_186 /* Sources */ = {
			isa = PBXSourcesBuildPhase;
			buildActionMask = 0;
			files = (
				OBJ_187 /* DefaultValue.swift in Sources */,
				OBJ_188 /* Factory.swift in Sources */,
				OBJ_189 /* ClassHeader.swift in Sources */,
				OBJ_190 /* ClassMetadataLayout.swift in Sources */,
				OBJ_191 /* ClassTypeDescriptor.swift in Sources */,
				OBJ_192 /* EnumMetadataLayout.swift in Sources */,
				OBJ_193 /* EnumTypeDescriptor.swift in Sources */,
				OBJ_194 /* ExistentialContainter.swift in Sources */,
				OBJ_195 /* FieldDescriptor.swift in Sources */,
				OBJ_196 /* FunctionMetadataLayout.swift in Sources */,
				OBJ_197 /* MetadataLayoutType.swift in Sources */,
				OBJ_198 /* ProtocolDescriptor.swift in Sources */,
				OBJ_199 /* ProtocolMetadataLayout.swift in Sources */,
				OBJ_200 /* ProtocolTypeContainer.swift in Sources */,
				OBJ_201 /* StructMetadataLayout.swift in Sources */,
				OBJ_202 /* StructTypeDescriptor.swift in Sources */,
				OBJ_203 /* TargetTypeGenericContextDescriptorHeader.swift in Sources */,
				OBJ_204 /* TupleMetadataLayout.swift in Sources */,
				OBJ_205 /* TypeDescriptor.swift in Sources */,
				OBJ_206 /* ValueWitnessTable.swift in Sources */,
				OBJ_207 /* ClassMetadata.swift in Sources */,
				OBJ_208 /* EnumMetadata.swift in Sources */,
				OBJ_209 /* FuntionMetadata.swift in Sources */,
				OBJ_210 /* Metadata.swift in Sources */,
				OBJ_211 /* MetadataType.swift in Sources */,
				OBJ_212 /* NominalMetadataType.swift in Sources */,
				OBJ_213 /* ProtocolMetadata.swift in Sources */,
				OBJ_214 /* StructMetadata.swift in Sources */,
				OBJ_215 /* TupleMetadata.swift in Sources */,
				OBJ_216 /* Case.swift in Sources */,
				OBJ_217 /* Errors.swift in Sources */,
				OBJ_218 /* FunctionInfo.swift in Sources */,
				OBJ_219 /* Kind.swift in Sources */,
				OBJ_220 /* PropertyInfo.swift in Sources */,
				OBJ_221 /* TypeInfo.swift in Sources */,
				OBJ_222 /* TypeInfoConvertible.swift in Sources */,
				OBJ_223 /* Pointers.swift in Sources */,
				OBJ_224 /* RelativePointer.swift in Sources */,
				OBJ_225 /* RelativeVectorPointer.swift in Sources */,
				OBJ_226 /* Union.swift in Sources */,
				OBJ_227 /* Vector.swift in Sources */,
				OBJ_228 /* GettersSetters.swift in Sources */,
				OBJ_229 /* IntegerConvertible.swift in Sources */,
				OBJ_230 /* Pointer+Extensions.swift in Sources */,
				OBJ_231 /* RetainCounts.swift in Sources */,
				OBJ_232 /* String+Extensions.swift in Sources */,
			);
			runOnlyForDeploymentPostprocessing = 0;
		};
		OBJ_237 /* Sources */ = {
			isa = PBXSourcesBuildPhase;
			buildActionMask = 0;
			files = (
				OBJ_238 /* EmptyInitializable.swift in Sources */,
				OBJ_239 /* EnumUtils.swift in Sources */,
				OBJ_240 /* GlobalRuntimeFunctions.swift in Sources */,
				OBJ_241 /* KVC.swift in Sources */,
			);
			runOnlyForDeploymentPostprocessing = 0;
		};
		OBJ_249 /* Sources */ = {
			isa = PBXSourcesBuildPhase;
			buildActionMask = 0;
			files = (
				OBJ_250 /* Package.swift in Sources */,
			);
			runOnlyForDeploymentPostprocessing = 0;
		};
		OBJ_255 /* Sources */ = {
			isa = PBXSourcesBuildPhase;
			buildActionMask = 0;
			files = (
				OBJ_256 /* Package.swift in Sources */,
			);
			runOnlyForDeploymentPostprocessing = 0;
		};
		OBJ_260 /* Sources */ = {
			isa = PBXSourcesBuildPhase;
			buildActionMask = 0;
			files = (
				OBJ_261 /* BaseTestCase.swift in Sources */,
				OBJ_262 /* LinuxTestable.swift in Sources */,
				OBJ_263 /* XCAssertions.swift in Sources */,
			);
			runOnlyForDeploymentPostprocessing = 0;
		};
		OBJ_269 /* Sources */ = {
			isa = PBXSourcesBuildPhase;
			buildActionMask = 0;
			files = (
				OBJ_270 /* Package.swift in Sources */,
			);
			runOnlyForDeploymentPostprocessing = 0;
		};
/* End PBXSourcesBuildPhase section */

/* Begin PBXTargetDependency section */
		OBJ_149 /* PBXTargetDependency */ = {
			isa = PBXTargetDependency;
			target = "Codability::Codability" /* Codability */;
			targetProxy = E4670FD222738A1B0075D6AA /* PBXContainerItemProxy */;
		};
		OBJ_150 /* PBXTargetDependency */ = {
			isa = PBXTargetDependency;
			target = "RuntimeExtensions::RuntimeExtensions" /* RuntimeExtensions */;
			targetProxy = E4670FD322738A1B0075D6AA /* PBXContainerItemProxy */;
		};
		OBJ_152 /* PBXTargetDependency */ = {
			isa = PBXTargetDependency;
			target = "Runtime::Runtime" /* Runtime */;
			targetProxy = E4670FD522738A1B0075D6AA /* PBXContainerItemProxy */;
		};
		OBJ_164 /* PBXTargetDependency */ = {
			isa = PBXTargetDependency;
			target = "CodableExtensions::CodableExtensionsTests" /* CodableExtensionsTests */;
			targetProxy = E4670FDB22738A1C0075D6AA /* PBXContainerItemProxy */;
		};
		OBJ_177 /* PBXTargetDependency */ = {
			isa = PBXTargetDependency;
			target = "SwiftTestUtils::SwiftTestUtils" /* SwiftTestUtils */;
			targetProxy = E4670FD622738A1B0075D6AA /* PBXContainerItemProxy */;
		};
		OBJ_179 /* PBXTargetDependency */ = {
			isa = PBXTargetDependency;
			target = "CodableExtensions::CodableExtensions" /* CodableExtensions */;
			targetProxy = E4670FD722738A1B0075D6AA /* PBXContainerItemProxy */;
		};
		OBJ_180 /* PBXTargetDependency */ = {
			isa = PBXTargetDependency;
			target = "Codability::Codability" /* Codability */;
			targetProxy = E4670FD822738A1B0075D6AA /* PBXContainerItemProxy */;
		};
		OBJ_181 /* PBXTargetDependency */ = {
			isa = PBXTargetDependency;
			target = "RuntimeExtensions::RuntimeExtensions" /* RuntimeExtensions */;
			targetProxy = E4670FD922738A1B0075D6AA /* PBXContainerItemProxy */;
		};
		OBJ_182 /* PBXTargetDependency */ = {
			isa = PBXTargetDependency;
			target = "Runtime::Runtime" /* Runtime */;
			targetProxy = E4670FDA22738A1B0075D6AA /* PBXContainerItemProxy */;
		};
		OBJ_244 /* PBXTargetDependency */ = {
			isa = PBXTargetDependency;
			target = "Runtime::Runtime" /* Runtime */;
			targetProxy = E4670FD422738A1B0075D6AA /* PBXContainerItemProxy */;
		};
/* End PBXTargetDependency section */

/* Begin XCBuildConfiguration section */
		OBJ_113 /* Debug */ = {
			isa = XCBuildConfiguration;
			buildSettings = {
			};
			name = Debug;
		};
		OBJ_114 /* Release */ = {
			isa = XCBuildConfiguration;
			buildSettings = {
			};
			name = Release;
		};
		OBJ_117 /* Debug */ = {
			isa = XCBuildConfiguration;
			buildSettings = {
				ENABLE_TESTABILITY = YES;
				FRAMEWORK_SEARCH_PATHS = (
					"$(inherited)",
					"$(PLATFORM_DIR)/Developer/Library/Frameworks",
				);
				HEADER_SEARCH_PATHS = "$(inherited)";
				INFOPLIST_FILE = CodableExtensions.xcodeproj/Codability_Info.plist;
				LD_RUNPATH_SEARCH_PATHS = "$(inherited) $(TOOLCHAIN_DIR)/usr/lib/swift/macosx";
				OTHER_CFLAGS = "$(inherited)";
				OTHER_LDFLAGS = "$(inherited)";
				OTHER_SWIFT_FLAGS = "$(inherited)";
				PRODUCT_BUNDLE_IDENTIFIER = Codability;
				PRODUCT_MODULE_NAME = "$(TARGET_NAME:c99extidentifier)";
				PRODUCT_NAME = "$(TARGET_NAME:c99extidentifier)";
				SKIP_INSTALL = YES;
				SWIFT_ACTIVE_COMPILATION_CONDITIONS = "$(inherited)";
				SWIFT_VERSION = 4.0;
				TARGET_NAME = Codability;
			};
			name = Debug;
		};
		OBJ_118 /* Release */ = {
			isa = XCBuildConfiguration;
			buildSettings = {
				ENABLE_TESTABILITY = YES;
				FRAMEWORK_SEARCH_PATHS = (
					"$(inherited)",
					"$(PLATFORM_DIR)/Developer/Library/Frameworks",
				);
				HEADER_SEARCH_PATHS = "$(inherited)";
				INFOPLIST_FILE = CodableExtensions.xcodeproj/Codability_Info.plist;
				LD_RUNPATH_SEARCH_PATHS = "$(inherited) $(TOOLCHAIN_DIR)/usr/lib/swift/macosx";
				OTHER_CFLAGS = "$(inherited)";
				OTHER_LDFLAGS = "$(inherited)";
				OTHER_SWIFT_FLAGS = "$(inherited)";
				PRODUCT_BUNDLE_IDENTIFIER = Codability;
				PRODUCT_MODULE_NAME = "$(TARGET_NAME:c99extidentifier)";
				PRODUCT_NAME = "$(TARGET_NAME:c99extidentifier)";
				SKIP_INSTALL = YES;
				SWIFT_ACTIVE_COMPILATION_CONDITIONS = "$(inherited)";
				SWIFT_VERSION = 4.0;
				TARGET_NAME = Codability;
			};
			name = Release;
		};
		OBJ_129 /* Debug */ = {
			isa = XCBuildConfiguration;
			buildSettings = {
				LD = /usr/bin/true;
				OTHER_SWIFT_FLAGS = "-swift-version 4 -I $(TOOLCHAIN_DIR)/usr/lib/swift/pm/4 -target x86_64-apple-macosx10.10 -sdk /Applications/Xcode.app/Contents/Developer/Platforms/MacOSX.platform/Developer/SDKs/MacOSX10.14.sdk";
				SWIFT_VERSION = 4.0;
			};
			name = Debug;
		};
		OBJ_130 /* Release */ = {
			isa = XCBuildConfiguration;
			buildSettings = {
				LD = /usr/bin/true;
				OTHER_SWIFT_FLAGS = "-swift-version 4 -I $(TOOLCHAIN_DIR)/usr/lib/swift/pm/4 -target x86_64-apple-macosx10.10 -sdk /Applications/Xcode.app/Contents/Developer/Platforms/MacOSX.platform/Developer/SDKs/MacOSX10.14.sdk";
				SWIFT_VERSION = 4.0;
			};
			name = Release;
		};
		OBJ_135 /* Debug */ = {
			isa = XCBuildConfiguration;
			buildSettings = {
				ENABLE_TESTABILITY = YES;
				FRAMEWORK_SEARCH_PATHS = (
					"$(inherited)",
					"$(PLATFORM_DIR)/Developer/Library/Frameworks",
				);
				HEADER_SEARCH_PATHS = (
					"$(inherited)",
					"$(SRCROOT)/.build/checkouts/CRuntime/Sources/CRuntime",
				);
				INFOPLIST_FILE = CodableExtensions.xcodeproj/CodableExtensions_Info.plist;
				IPHONEOS_DEPLOYMENT_TARGET = 8.0;
				LD_RUNPATH_SEARCH_PATHS = "$(inherited) $(TOOLCHAIN_DIR)/usr/lib/swift/macosx";
				MACOSX_DEPLOYMENT_TARGET = 10.10;
				OTHER_CFLAGS = "$(inherited)";
				OTHER_LDFLAGS = "$(inherited)";
				OTHER_SWIFT_FLAGS = "$(inherited)";
				PRODUCT_BUNDLE_IDENTIFIER = CodableExtensions;
				PRODUCT_MODULE_NAME = "$(TARGET_NAME:c99extidentifier)";
				PRODUCT_NAME = "$(TARGET_NAME:c99extidentifier)";
				SKIP_INSTALL = YES;
				SWIFT_ACTIVE_COMPILATION_CONDITIONS = "$(inherited)";
				SWIFT_VERSION = 5.0;
				TARGET_NAME = CodableExtensions;
				TVOS_DEPLOYMENT_TARGET = 9.0;
				WATCHOS_DEPLOYMENT_TARGET = 2.0;
			};
			name = Debug;
		};
		OBJ_136 /* Release */ = {
			isa = XCBuildConfiguration;
			buildSettings = {
				ENABLE_TESTABILITY = YES;
				FRAMEWORK_SEARCH_PATHS = (
					"$(inherited)",
					"$(PLATFORM_DIR)/Developer/Library/Frameworks",
				);
				HEADER_SEARCH_PATHS = (
					"$(inherited)",
					"$(SRCROOT)/.build/checkouts/CRuntime/Sources/CRuntime",
				);
				INFOPLIST_FILE = CodableExtensions.xcodeproj/CodableExtensions_Info.plist;
				IPHONEOS_DEPLOYMENT_TARGET = 8.0;
				LD_RUNPATH_SEARCH_PATHS = "$(inherited) $(TOOLCHAIN_DIR)/usr/lib/swift/macosx";
				MACOSX_DEPLOYMENT_TARGET = 10.10;
				OTHER_CFLAGS = "$(inherited)";
				OTHER_LDFLAGS = "$(inherited)";
				OTHER_SWIFT_FLAGS = "$(inherited)";
				PRODUCT_BUNDLE_IDENTIFIER = CodableExtensions;
				PRODUCT_MODULE_NAME = "$(TARGET_NAME:c99extidentifier)";
				PRODUCT_NAME = "$(TARGET_NAME:c99extidentifier)";
				SKIP_INSTALL = YES;
				SWIFT_ACTIVE_COMPILATION_CONDITIONS = "$(inherited)";
				SWIFT_VERSION = 5.0;
				TARGET_NAME = CodableExtensions;
				TVOS_DEPLOYMENT_TARGET = 9.0;
				WATCHOS_DEPLOYMENT_TARGET = 2.0;
			};
			name = Release;
		};
		OBJ_156 /* Debug */ = {
			isa = XCBuildConfiguration;
			buildSettings = {
				LD = /usr/bin/true;
				OTHER_SWIFT_FLAGS = "-swift-version 5 -I $(TOOLCHAIN_DIR)/usr/lib/swift/pm/4_2 -target x86_64-apple-macosx10.10 -sdk /Applications/Xcode.app/Contents/Developer/Platforms/MacOSX.platform/Developer/SDKs/MacOSX10.14.sdk";
				SWIFT_VERSION = 5.0;
			};
			name = Debug;
		};
		OBJ_157 /* Release */ = {
			isa = XCBuildConfiguration;
			buildSettings = {
				LD = /usr/bin/true;
				OTHER_SWIFT_FLAGS = "-swift-version 5 -I $(TOOLCHAIN_DIR)/usr/lib/swift/pm/4_2 -target x86_64-apple-macosx10.10 -sdk /Applications/Xcode.app/Contents/Developer/Platforms/MacOSX.platform/Developer/SDKs/MacOSX10.14.sdk";
				SWIFT_VERSION = 5.0;
			};
			name = Release;
		};
		OBJ_162 /* Debug */ = {
			isa = XCBuildConfiguration;
			buildSettings = {
			};
			name = Debug;
		};
		OBJ_163 /* Release */ = {
			isa = XCBuildConfiguration;
			buildSettings = {
			};
			name = Release;
		};
		OBJ_167 /* Debug */ = {
			isa = XCBuildConfiguration;
			buildSettings = {
				CLANG_ENABLE_MODULES = YES;
				EMBEDDED_CONTENT_CONTAINS_SWIFT = YES;
				FRAMEWORK_SEARCH_PATHS = (
					"$(inherited)",
					"$(PLATFORM_DIR)/Developer/Library/Frameworks",
				);
				HEADER_SEARCH_PATHS = (
					"$(inherited)",
					"$(SRCROOT)/.build/checkouts/CRuntime/Sources/CRuntime",
				);
				INFOPLIST_FILE = CodableExtensions.xcodeproj/CodableExtensionsTests_Info.plist;
				IPHONEOS_DEPLOYMENT_TARGET = 8.0;
				LD_RUNPATH_SEARCH_PATHS = "$(inherited) @loader_path/../Frameworks @loader_path/Frameworks";
				MACOSX_DEPLOYMENT_TARGET = 10.10;
				OTHER_CFLAGS = "$(inherited)";
				OTHER_LDFLAGS = "$(inherited)";
				OTHER_SWIFT_FLAGS = "$(inherited)";
				SWIFT_ACTIVE_COMPILATION_CONDITIONS = "$(inherited)";
				SWIFT_VERSION = 5.0;
				TARGET_NAME = CodableExtensionsTests;
				TVOS_DEPLOYMENT_TARGET = 9.0;
				WATCHOS_DEPLOYMENT_TARGET = 2.0;
			};
			name = Debug;
		};
		OBJ_168 /* Release */ = {
			isa = XCBuildConfiguration;
			buildSettings = {
				CLANG_ENABLE_MODULES = YES;
				EMBEDDED_CONTENT_CONTAINS_SWIFT = YES;
				FRAMEWORK_SEARCH_PATHS = (
					"$(inherited)",
					"$(PLATFORM_DIR)/Developer/Library/Frameworks",
				);
				HEADER_SEARCH_PATHS = (
					"$(inherited)",
					"$(SRCROOT)/.build/checkouts/CRuntime/Sources/CRuntime",
				);
				INFOPLIST_FILE = CodableExtensions.xcodeproj/CodableExtensionsTests_Info.plist;
				IPHONEOS_DEPLOYMENT_TARGET = 8.0;
				LD_RUNPATH_SEARCH_PATHS = "$(inherited) @loader_path/../Frameworks @loader_path/Frameworks";
				MACOSX_DEPLOYMENT_TARGET = 10.10;
				OTHER_CFLAGS = "$(inherited)";
				OTHER_LDFLAGS = "$(inherited)";
				OTHER_SWIFT_FLAGS = "$(inherited)";
				SWIFT_ACTIVE_COMPILATION_CONDITIONS = "$(inherited)";
				SWIFT_VERSION = 5.0;
				TARGET_NAME = CodableExtensionsTests;
				TVOS_DEPLOYMENT_TARGET = 9.0;
				WATCHOS_DEPLOYMENT_TARGET = 2.0;
			};
			name = Release;
		};
		OBJ_184 /* Debug */ = {
			isa = XCBuildConfiguration;
			buildSettings = {
				ENABLE_TESTABILITY = YES;
				FRAMEWORK_SEARCH_PATHS = (
					"$(inherited)",
					"$(PLATFORM_DIR)/Developer/Library/Frameworks",
				);
				HEADER_SEARCH_PATHS = (
					"$(inherited)",
					"$(SRCROOT)/.build/checkouts/CRuntime/Sources/CRuntime",
				);
				INFOPLIST_FILE = CodableExtensions.xcodeproj/Runtime_Info.plist;
				IPHONEOS_DEPLOYMENT_TARGET = 8.0;
				LD_RUNPATH_SEARCH_PATHS = "$(inherited) $(TOOLCHAIN_DIR)/usr/lib/swift/macosx";
				MACOSX_DEPLOYMENT_TARGET = 10.10;
				OTHER_CFLAGS = "$(inherited)";
				OTHER_LDFLAGS = "$(inherited)";
				OTHER_SWIFT_FLAGS = "$(inherited)";
				PRODUCT_BUNDLE_IDENTIFIER = Runtime;
				PRODUCT_MODULE_NAME = "$(TARGET_NAME:c99extidentifier)";
				PRODUCT_NAME = "$(TARGET_NAME:c99extidentifier)";
				SKIP_INSTALL = YES;
				SWIFT_ACTIVE_COMPILATION_CONDITIONS = "$(inherited)";
				SWIFT_VERSION = 5.0;
				TARGET_NAME = Runtime;
				TVOS_DEPLOYMENT_TARGET = 9.0;
				WATCHOS_DEPLOYMENT_TARGET = 2.0;
			};
			name = Debug;
		};
		OBJ_185 /* Release */ = {
			isa = XCBuildConfiguration;
			buildSettings = {
				ENABLE_TESTABILITY = YES;
				FRAMEWORK_SEARCH_PATHS = (
					"$(inherited)",
					"$(PLATFORM_DIR)/Developer/Library/Frameworks",
				);
				HEADER_SEARCH_PATHS = (
					"$(inherited)",
					"$(SRCROOT)/.build/checkouts/CRuntime/Sources/CRuntime",
				);
				INFOPLIST_FILE = CodableExtensions.xcodeproj/Runtime_Info.plist;
				IPHONEOS_DEPLOYMENT_TARGET = 8.0;
				LD_RUNPATH_SEARCH_PATHS = "$(inherited) $(TOOLCHAIN_DIR)/usr/lib/swift/macosx";
				MACOSX_DEPLOYMENT_TARGET = 10.10;
				OTHER_CFLAGS = "$(inherited)";
				OTHER_LDFLAGS = "$(inherited)";
				OTHER_SWIFT_FLAGS = "$(inherited)";
				PRODUCT_BUNDLE_IDENTIFIER = Runtime;
				PRODUCT_MODULE_NAME = "$(TARGET_NAME:c99extidentifier)";
				PRODUCT_NAME = "$(TARGET_NAME:c99extidentifier)";
				SKIP_INSTALL = YES;
				SWIFT_ACTIVE_COMPILATION_CONDITIONS = "$(inherited)";
				SWIFT_VERSION = 5.0;
				TARGET_NAME = Runtime;
				TVOS_DEPLOYMENT_TARGET = 9.0;
				WATCHOS_DEPLOYMENT_TARGET = 2.0;
			};
			name = Release;
		};
		OBJ_235 /* Debug */ = {
			isa = XCBuildConfiguration;
			buildSettings = {
				ENABLE_TESTABILITY = YES;
				FRAMEWORK_SEARCH_PATHS = (
					"$(inherited)",
					"$(PLATFORM_DIR)/Developer/Library/Frameworks",
				);
				HEADER_SEARCH_PATHS = (
					"$(inherited)",
					"$(SRCROOT)/.build/checkouts/CRuntime/Sources/CRuntime",
				);
				INFOPLIST_FILE = CodableExtensions.xcodeproj/RuntimeExtensions_Info.plist;
				IPHONEOS_DEPLOYMENT_TARGET = 8.0;
				LD_RUNPATH_SEARCH_PATHS = "$(inherited) $(TOOLCHAIN_DIR)/usr/lib/swift/macosx";
				MACOSX_DEPLOYMENT_TARGET = 10.10;
				OTHER_CFLAGS = "$(inherited)";
				OTHER_LDFLAGS = "$(inherited)";
				OTHER_SWIFT_FLAGS = "$(inherited)";
				PRODUCT_BUNDLE_IDENTIFIER = RuntimeExtensions;
				PRODUCT_MODULE_NAME = "$(TARGET_NAME:c99extidentifier)";
				PRODUCT_NAME = "$(TARGET_NAME:c99extidentifier)";
				SKIP_INSTALL = YES;
				SWIFT_ACTIVE_COMPILATION_CONDITIONS = "$(inherited)";
				SWIFT_VERSION = 5.0;
				TARGET_NAME = RuntimeExtensions;
				TVOS_DEPLOYMENT_TARGET = 9.0;
				WATCHOS_DEPLOYMENT_TARGET = 2.0;
			};
			name = Debug;
		};
		OBJ_236 /* Release */ = {
			isa = XCBuildConfiguration;
			buildSettings = {
				ENABLE_TESTABILITY = YES;
				FRAMEWORK_SEARCH_PATHS = (
					"$(inherited)",
					"$(PLATFORM_DIR)/Developer/Library/Frameworks",
				);
				HEADER_SEARCH_PATHS = (
					"$(inherited)",
					"$(SRCROOT)/.build/checkouts/CRuntime/Sources/CRuntime",
				);
				INFOPLIST_FILE = CodableExtensions.xcodeproj/RuntimeExtensions_Info.plist;
				IPHONEOS_DEPLOYMENT_TARGET = 8.0;
				LD_RUNPATH_SEARCH_PATHS = "$(inherited) $(TOOLCHAIN_DIR)/usr/lib/swift/macosx";
				MACOSX_DEPLOYMENT_TARGET = 10.10;
				OTHER_CFLAGS = "$(inherited)";
				OTHER_LDFLAGS = "$(inherited)";
				OTHER_SWIFT_FLAGS = "$(inherited)";
				PRODUCT_BUNDLE_IDENTIFIER = RuntimeExtensions;
				PRODUCT_MODULE_NAME = "$(TARGET_NAME:c99extidentifier)";
				PRODUCT_NAME = "$(TARGET_NAME:c99extidentifier)";
				SKIP_INSTALL = YES;
				SWIFT_ACTIVE_COMPILATION_CONDITIONS = "$(inherited)";
				SWIFT_VERSION = 5.0;
				TARGET_NAME = RuntimeExtensions;
				TVOS_DEPLOYMENT_TARGET = 9.0;
				WATCHOS_DEPLOYMENT_TARGET = 2.0;
			};
			name = Release;
		};
		OBJ_247 /* Debug */ = {
			isa = XCBuildConfiguration;
			buildSettings = {
				LD = /usr/bin/true;
				OTHER_SWIFT_FLAGS = "-swift-version 5 -I $(TOOLCHAIN_DIR)/usr/lib/swift/pm/4_2 -target x86_64-apple-macosx10.10 -sdk /Applications/Xcode.app/Contents/Developer/Platforms/MacOSX.platform/Developer/SDKs/MacOSX10.14.sdk";
				SWIFT_VERSION = 5.0;
			};
			name = Debug;
		};
		OBJ_248 /* Release */ = {
			isa = XCBuildConfiguration;
			buildSettings = {
				LD = /usr/bin/true;
				OTHER_SWIFT_FLAGS = "-swift-version 5 -I $(TOOLCHAIN_DIR)/usr/lib/swift/pm/4_2 -target x86_64-apple-macosx10.10 -sdk /Applications/Xcode.app/Contents/Developer/Platforms/MacOSX.platform/Developer/SDKs/MacOSX10.14.sdk";
				SWIFT_VERSION = 5.0;
			};
			name = Release;
		};
		OBJ_253 /* Debug */ = {
			isa = XCBuildConfiguration;
			buildSettings = {
				LD = /usr/bin/true;
				OTHER_SWIFT_FLAGS = "-swift-version 5 -I $(TOOLCHAIN_DIR)/usr/lib/swift/pm/4_2 -target x86_64-apple-macosx10.10 -sdk /Applications/Xcode.app/Contents/Developer/Platforms/MacOSX.platform/Developer/SDKs/MacOSX10.14.sdk";
				SWIFT_VERSION = 5.0;
			};
			name = Debug;
		};
		OBJ_254 /* Release */ = {
			isa = XCBuildConfiguration;
			buildSettings = {
				LD = /usr/bin/true;
				OTHER_SWIFT_FLAGS = "-swift-version 5 -I $(TOOLCHAIN_DIR)/usr/lib/swift/pm/4_2 -target x86_64-apple-macosx10.10 -sdk /Applications/Xcode.app/Contents/Developer/Platforms/MacOSX.platform/Developer/SDKs/MacOSX10.14.sdk";
				SWIFT_VERSION = 5.0;
			};
			name = Release;
		};
		OBJ_258 /* Debug */ = {
			isa = XCBuildConfiguration;
			buildSettings = {
				ENABLE_TESTABILITY = YES;
				FRAMEWORK_SEARCH_PATHS = (
					"$(inherited)",
					"$(PLATFORM_DIR)/Developer/Library/Frameworks",
				);
				HEADER_SEARCH_PATHS = "$(inherited)";
				INFOPLIST_FILE = CodableExtensions.xcodeproj/SwiftTestUtils_Info.plist;
				LD_RUNPATH_SEARCH_PATHS = "$(inherited) $(TOOLCHAIN_DIR)/usr/lib/swift/macosx";
				OTHER_CFLAGS = "$(inherited)";
				OTHER_LDFLAGS = "$(inherited)";
				OTHER_SWIFT_FLAGS = "$(inherited)";
				PRODUCT_BUNDLE_IDENTIFIER = SwiftTestUtils;
				PRODUCT_MODULE_NAME = "$(TARGET_NAME:c99extidentifier)";
				PRODUCT_NAME = "$(TARGET_NAME:c99extidentifier)";
				SKIP_INSTALL = YES;
				SWIFT_ACTIVE_COMPILATION_CONDITIONS = "$(inherited)";
				SWIFT_VERSION = 4.0;
				TARGET_NAME = SwiftTestUtils;
			};
			name = Debug;
		};
		OBJ_259 /* Release */ = {
			isa = XCBuildConfiguration;
			buildSettings = {
				ENABLE_TESTABILITY = YES;
				FRAMEWORK_SEARCH_PATHS = (
					"$(inherited)",
					"$(PLATFORM_DIR)/Developer/Library/Frameworks",
				);
				HEADER_SEARCH_PATHS = "$(inherited)";
				INFOPLIST_FILE = CodableExtensions.xcodeproj/SwiftTestUtils_Info.plist;
				LD_RUNPATH_SEARCH_PATHS = "$(inherited) $(TOOLCHAIN_DIR)/usr/lib/swift/macosx";
				OTHER_CFLAGS = "$(inherited)";
				OTHER_LDFLAGS = "$(inherited)";
				OTHER_SWIFT_FLAGS = "$(inherited)";
				PRODUCT_BUNDLE_IDENTIFIER = SwiftTestUtils;
				PRODUCT_MODULE_NAME = "$(TARGET_NAME:c99extidentifier)";
				PRODUCT_NAME = "$(TARGET_NAME:c99extidentifier)";
				SKIP_INSTALL = YES;
				SWIFT_ACTIVE_COMPILATION_CONDITIONS = "$(inherited)";
				SWIFT_VERSION = 4.0;
				TARGET_NAME = SwiftTestUtils;
			};
			name = Release;
		};
		OBJ_267 /* Debug */ = {
			isa = XCBuildConfiguration;
			buildSettings = {
				LD = /usr/bin/true;
				OTHER_SWIFT_FLAGS = "-swift-version 4 -I $(TOOLCHAIN_DIR)/usr/lib/swift/pm/4 -target x86_64-apple-macosx10.10 -sdk /Applications/Xcode.app/Contents/Developer/Platforms/MacOSX.platform/Developer/SDKs/MacOSX10.14.sdk";
				SWIFT_VERSION = 4.0;
			};
			name = Debug;
		};
		OBJ_268 /* Release */ = {
			isa = XCBuildConfiguration;
			buildSettings = {
				LD = /usr/bin/true;
				OTHER_SWIFT_FLAGS = "-swift-version 4 -I $(TOOLCHAIN_DIR)/usr/lib/swift/pm/4 -target x86_64-apple-macosx10.10 -sdk /Applications/Xcode.app/Contents/Developer/Platforms/MacOSX.platform/Developer/SDKs/MacOSX10.14.sdk";
				SWIFT_VERSION = 4.0;
			};
			name = Release;
		};
		OBJ_3 /* Debug */ = {
			isa = XCBuildConfiguration;
			buildSettings = {
				CLANG_ENABLE_OBJC_ARC = YES;
				COMBINE_HIDPI_IMAGES = YES;
				COPY_PHASE_STRIP = NO;
				DEBUG_INFORMATION_FORMAT = dwarf;
				DYLIB_INSTALL_NAME_BASE = "@rpath";
				ENABLE_NS_ASSERTIONS = YES;
				GCC_OPTIMIZATION_LEVEL = 0;
				GCC_PREPROCESSOR_DEFINITIONS = (
					"$(inherited)",
					"SWIFT_PACKAGE=1",
					"DEBUG=1",
				);
				MACOSX_DEPLOYMENT_TARGET = 10.10;
				ONLY_ACTIVE_ARCH = YES;
				OTHER_SWIFT_FLAGS = "-DXcode";
				PRODUCT_NAME = "$(TARGET_NAME)";
				SDKROOT = macosx;
				SUPPORTED_PLATFORMS = "macosx iphoneos iphonesimulator appletvos appletvsimulator watchos watchsimulator";
				SWIFT_ACTIVE_COMPILATION_CONDITIONS = "$(inherited) SWIFT_PACKAGE DEBUG";
				SWIFT_OPTIMIZATION_LEVEL = "-Onone";
				SWIFT_VERSION = 5.0;
				USE_HEADERMAP = NO;
			};
			name = Debug;
		};
		OBJ_4 /* Release */ = {
			isa = XCBuildConfiguration;
			buildSettings = {
				CLANG_ENABLE_OBJC_ARC = YES;
				COMBINE_HIDPI_IMAGES = YES;
				COPY_PHASE_STRIP = YES;
				DEBUG_INFORMATION_FORMAT = "dwarf-with-dsym";
				DYLIB_INSTALL_NAME_BASE = "@rpath";
				GCC_OPTIMIZATION_LEVEL = s;
				GCC_PREPROCESSOR_DEFINITIONS = (
					"$(inherited)",
					"SWIFT_PACKAGE=1",
				);
				MACOSX_DEPLOYMENT_TARGET = 10.10;
				OTHER_SWIFT_FLAGS = "-DXcode";
				PRODUCT_NAME = "$(TARGET_NAME)";
				SDKROOT = macosx;
				SUPPORTED_PLATFORMS = "macosx iphoneos iphonesimulator appletvos appletvsimulator watchos watchsimulator";
				SWIFT_ACTIVE_COMPILATION_CONDITIONS = "$(inherited) SWIFT_PACKAGE";
				SWIFT_OPTIMIZATION_LEVEL = "-Owholemodule";
				SWIFT_VERSION = 5.0;
				USE_HEADERMAP = NO;
			};
			name = Release;
		};
/* End XCBuildConfiguration section */

/* Begin XCConfigurationList section */
		OBJ_112 /* Build configuration list for PBXAggregateTarget "CRuntime" */ = {
			isa = XCConfigurationList;
			buildConfigurations = (
				OBJ_113 /* Debug */,
				OBJ_114 /* Release */,
			);
			defaultConfigurationIsVisible = 0;
			defaultConfigurationName = Release;
		};
		OBJ_116 /* Build configuration list for PBXNativeTarget "Codability" */ = {
			isa = XCConfigurationList;
			buildConfigurations = (
				OBJ_117 /* Debug */,
				OBJ_118 /* Release */,
			);
			defaultConfigurationIsVisible = 0;
			defaultConfigurationName = Release;
		};
		OBJ_128 /* Build configuration list for PBXNativeTarget "CodabilityPackageDescription" */ = {
			isa = XCConfigurationList;
			buildConfigurations = (
				OBJ_129 /* Debug */,
				OBJ_130 /* Release */,
			);
			defaultConfigurationIsVisible = 0;
			defaultConfigurationName = Release;
		};
		OBJ_134 /* Build configuration list for PBXNativeTarget "CodableExtensions" */ = {
			isa = XCConfigurationList;
			buildConfigurations = (
				OBJ_135 /* Debug */,
				OBJ_136 /* Release */,
			);
			defaultConfigurationIsVisible = 0;
			defaultConfigurationName = Release;
		};
		OBJ_155 /* Build configuration list for PBXNativeTarget "CodableExtensionsPackageDescription" */ = {
			isa = XCConfigurationList;
			buildConfigurations = (
				OBJ_156 /* Debug */,
				OBJ_157 /* Release */,
			);
			defaultConfigurationIsVisible = 0;
			defaultConfigurationName = Release;
		};
		OBJ_161 /* Build configuration list for PBXAggregateTarget "CodableExtensionsPackageTests" */ = {
			isa = XCConfigurationList;
			buildConfigurations = (
				OBJ_162 /* Debug */,
				OBJ_163 /* Release */,
			);
			defaultConfigurationIsVisible = 0;
			defaultConfigurationName = Release;
		};
		OBJ_166 /* Build configuration list for PBXNativeTarget "CodableExtensionsTests" */ = {
			isa = XCConfigurationList;
			buildConfigurations = (
				OBJ_167 /* Debug */,
				OBJ_168 /* Release */,
			);
			defaultConfigurationIsVisible = 0;
			defaultConfigurationName = Release;
		};
		OBJ_183 /* Build configuration list for PBXNativeTarget "Runtime" */ = {
			isa = XCConfigurationList;
			buildConfigurations = (
				OBJ_184 /* Debug */,
				OBJ_185 /* Release */,
			);
			defaultConfigurationIsVisible = 0;
			defaultConfigurationName = Release;
		};
		OBJ_2 /* Build configuration list for PBXProject "CodableExtensions" */ = {
			isa = XCConfigurationList;
			buildConfigurations = (
				OBJ_3 /* Debug */,
				OBJ_4 /* Release */,
			);
			defaultConfigurationIsVisible = 0;
			defaultConfigurationName = Release;
		};
		OBJ_234 /* Build configuration list for PBXNativeTarget "RuntimeExtensions" */ = {
			isa = XCConfigurationList;
			buildConfigurations = (
				OBJ_235 /* Debug */,
				OBJ_236 /* Release */,
			);
			defaultConfigurationIsVisible = 0;
			defaultConfigurationName = Release;
		};
		OBJ_246 /* Build configuration list for PBXNativeTarget "RuntimeExtensionsPackageDescription" */ = {
			isa = XCConfigurationList;
			buildConfigurations = (
				OBJ_247 /* Debug */,
				OBJ_248 /* Release */,
			);
			defaultConfigurationIsVisible = 0;
			defaultConfigurationName = Release;
		};
		OBJ_252 /* Build configuration list for PBXNativeTarget "RuntimePackageDescription" */ = {
			isa = XCConfigurationList;
			buildConfigurations = (
				OBJ_253 /* Debug */,
				OBJ_254 /* Release */,
			);
			defaultConfigurationIsVisible = 0;
			defaultConfigurationName = Release;
		};
		OBJ_257 /* Build configuration list for PBXNativeTarget "SwiftTestUtils" */ = {
			isa = XCConfigurationList;
			buildConfigurations = (
				OBJ_258 /* Debug */,
				OBJ_259 /* Release */,
			);
			defaultConfigurationIsVisible = 0;
			defaultConfigurationName = Release;
		};
		OBJ_266 /* Build configuration list for PBXNativeTarget "SwiftTestUtilsPackageDescription" */ = {
			isa = XCConfigurationList;
			buildConfigurations = (
				OBJ_267 /* Debug */,
				OBJ_268 /* Release */,
			);
			defaultConfigurationIsVisible = 0;
			defaultConfigurationName = Release;
		};
/* End XCConfigurationList section */
	};
	rootObject = OBJ_1 /* Project object */;
}
