{
  "object": {
    "pins": [
      {
        "package": "Codability",
        "repositoryURL": "https://github.com/yonaskolb/Codability.git",
        "state": {
          "branch": null,
          "revision": "eb5bac78e0679f521c3f058c1eb9be0dd657dadd",
          "version": "0.2.1"
        }
      },
      {
        "package": "Runtime",
        "repositoryURL": "https://github.com/wickwirew/Runtime",
        "state": {
          "branch": null,
          "revision": "dad03135d7701a4e7b3a4051e75d6b37bd8e178e",
          "version": "2.2.4"
        }
      },
      {
        "package": "RuntimeExtensions",
        "repositoryURL": "https://github.com/Appsaurus/RuntimeExtensions",
        "state": {
          "branch": null,
          "revision": "37e2693e296f21c7c57610e11757eda3c50fda7f",
          "version": "1.0.1"
        }
      },
      {
        "package": "SwiftTestUtils",
        "repositoryURL": "https://github.com/Appsaurus/SwiftTestUtils",
        "state": {
          "branch": null,
          "revision": "76b498f338b4249898656947fa2713747fa429f7",
          "version": "1.0.1"
        }
      }
    ]
  },
  "version": 1
}
